schema: '2.0'
stages:
  train:
    cmd: python3 train.py
    deps:
    - path: data/winequality-red.csv
      hash: md5
      md5: 9a611840ff8822317a160c862c6b4820
      size: 91999
    - path: train.py
      hash: md5
      md5: 8d3d70e68102896c465edcd701680a04
      size: 3585
    outs:
    - path: metrics.csv
      hash: md5
      md5: c5d8470b31b7a99504c20053e7b62760
      size: 53
    - path: models/model.joblib
      hash: md5
      md5: b5dfa92a7a0a587122bf2335f596c53a
      size: 3638833
