schema: '2.0'
stages:
  train:
    cmd: python3 train.py
    deps:
    - path: data/winequality-red.csv
      hash: md5
      md5: 28029e4ce46115cbb0ef2b96d980d120
      size: 91997
    - path: train.py
      hash: md5
      md5: 8d3d70e68102896c465edcd701680a04
      size: 3585
    outs:
    - path: metrics.csv
      hash: md5
      md5: 33c4ec7e6c26aa7179212213ff6bb87e
      size: 51
    - path: models/model.joblib
      hash: md5
      md5: 7d1761657e6a21f292a0441e4c4cf8ff
      size: 3638257
